
Microsoft Visual Studio Solution File, Format Version 12.00
# Visual Studio Version 17
VisualStudioVersion = 17.3.32901.215
MinimumVisualStudioVersion = 10.0.40219.1
Project("{FAE04EC0-301F-11D3-BF4B-00C04F79EFBC}") = "ADO_NET_connected_mode", "ADO_NET_connected_mode\ADO_NET_connected_mode.csproj", "{A64A03D3-FA3F-4516-B3B0-D5D3EED71C34}"
EndProject
Global
	GlobalSection(SolutionConfigurationPlatforms) = preSolution
		Debug|Any CPU = Debug|Any CPU
		Release|Any CPU = Release|Any CPU
	EndGlobalSection
	GlobalSection(ProjectConfigurationPlatforms) = postSolution
		{A64A03D3-FA3F-4516-B3B0-D5D3EED71C34}.Debug|Any CPU.ActiveCfg = Debug|Any CPU
		{A64A03D3-FA3F-4516-B3B0-D5D3EED71C34}.Debug|Any CPU.Build.0 = Debug|Any CPU
		{A64A03D3-FA3F-4516-B3B0-D5D3EED71C34}.Release|Any CPU.ActiveCfg = Release|Any CPU
		{A64A03D3-FA3F-4516-B3B0-D5D3EED71C34}.Release|Any CPU.Build.0 = Release|Any CPU
	EndGlobalSection
	GlobalSection(SolutionProperties) = preSolution
		HideSolutionNode = FALSE
	EndGlobalSection
	GlobalSection(ExtensibilityGlobals) = postSolution
		SolutionGuid = {51110801-3D97-47C4-A2B8-4D5FC119C1FD}
	EndGlobalSection
EndGlobal
