
Microsoft Visual Studio Solution File, Format Version 12.00
# Visual Studio Version 17
VisualStudioVersion = 17.3.32901.215
MinimumVisualStudioVersion = 10.0.40219.1
Project("{9A19103F-16F7-4668-BE54-9A1E7A4F7556}") = "01_connected_mode", "ADO_NET_connected_mode\01_connected_mode.csproj", "{A64A03D3-FA3F-4516-B3B0-D5D3EED71C34}"
EndProject
Project("{9A19103F-16F7-4668-BE54-9A1E7A4F7556}") = "02_win_forms", "ADO.NET_disconnected_mode\02_win_forms.csproj", "{ADFBF8B5-2013-4076-83E0-10570277DE43}"
EndProject
Project("{9A19103F-16F7-4668-BE54-9A1E7A4F7556}") = "03_disconnected_mode", "03_disconnected_mode\03_disconnected_mode.csproj", "{0416C762-E364-4FD2-8FF3-6BDD9D86B215}"
EndProject
Project("{FAE04EC0-301F-11D3-BF4B-00C04F79EFBC}") = "04_linq", "04_linq\04_linq.csproj", "{CC290DB4-7C2B-41D8-9886-6FE549BD941F}"
EndProject
Global
	GlobalSection(SolutionConfigurationPlatforms) = preSolution
		Debug|Any CPU = Debug|Any CPU
		Release|Any CPU = Release|Any CPU
	EndGlobalSection
	GlobalSection(ProjectConfigurationPlatforms) = postSolution
		{A64A03D3-FA3F-4516-B3B0-D5D3EED71C34}.Debug|Any CPU.ActiveCfg = Debug|Any CPU
		{A64A03D3-FA3F-4516-B3B0-D5D3EED71C34}.Debug|Any CPU.Build.0 = Debug|Any CPU
		{A64A03D3-FA3F-4516-B3B0-D5D3EED71C34}.Release|Any CPU.ActiveCfg = Release|Any CPU
		{A64A03D3-FA3F-4516-B3B0-D5D3EED71C34}.Release|Any CPU.Build.0 = Release|Any CPU
		{ADFBF8B5-2013-4076-83E0-10570277DE43}.Debug|Any CPU.ActiveCfg = Debug|Any CPU
		{ADFBF8B5-2013-4076-83E0-10570277DE43}.Debug|Any CPU.Build.0 = Debug|Any CPU
		{ADFBF8B5-2013-4076-83E0-10570277DE43}.Release|Any CPU.ActiveCfg = Release|Any CPU
		{ADFBF8B5-2013-4076-83E0-10570277DE43}.Release|Any CPU.Build.0 = Release|Any CPU
		{0416C762-E364-4FD2-8FF3-6BDD9D86B215}.Debug|Any CPU.ActiveCfg = Debug|Any CPU
		{0416C762-E364-4FD2-8FF3-6BDD9D86B215}.Debug|Any CPU.Build.0 = Debug|Any CPU
		{0416C762-E364-4FD2-8FF3-6BDD9D86B215}.Release|Any CPU.ActiveCfg = Release|Any CPU
		{0416C762-E364-4FD2-8FF3-6BDD9D86B215}.Release|Any CPU.Build.0 = Release|Any CPU
		{CC290DB4-7C2B-41D8-9886-6FE549BD941F}.Debug|Any CPU.ActiveCfg = Debug|Any CPU
		{CC290DB4-7C2B-41D8-9886-6FE549BD941F}.Debug|Any CPU.Build.0 = Debug|Any CPU
		{CC290DB4-7C2B-41D8-9886-6FE549BD941F}.Release|Any CPU.ActiveCfg = Release|Any CPU
		{CC290DB4-7C2B-41D8-9886-6FE549BD941F}.Release|Any CPU.Build.0 = Release|Any CPU
	EndGlobalSection
	GlobalSection(SolutionProperties) = preSolution
		HideSolutionNode = FALSE
	EndGlobalSection
	GlobalSection(ExtensibilityGlobals) = postSolution
		SolutionGuid = {51110801-3D97-47C4-A2B8-4D5FC119C1FD}
	EndGlobalSection
EndGlobal
